<?xml version="1.0" encoding="UTF-8"?>
<!DOCTYPE plist PUBLIC "-//Apple//DTD PLIST 1.0//EN" "http://www.apple.com/DTDs/PropertyList-1.0.dtd">
<plist version="1.0">
<dict>
	<key>archiveVersion</key>
	<string>1</string>
	<key>classes</key>
	<dict/>
	<key>objectVersion</key>
	<string>46</string>
	<key>objects</key>
	<dict>
		<key>0C337AA31853AC670097C898</key>
		<dict>
			<key>children</key>
			<array>
				<string>0C337AB51853AC670097C898</string>
				<string>0C337ACE1853AC670097C898</string>
				<string>0C337AAE1853AC670097C898</string>
				<string>0C337AAD1853AC670097C898</string>
				<string>A226ADB56F734B9FBDF7F7A0</string>
			</array>
			<key>isa</key>
			<string>PBXGroup</string>
			<key>sourceTree</key>
			<string>&lt;group&gt;</string>
		</dict>
		<key>0C337AA41853AC670097C898</key>
		<dict>
			<key>attributes</key>
			<dict>
				<key>CLASSPREFIX</key>
				<string>GPS</string>
				<key>LastUpgradeCheck</key>
				<string>0500</string>
				<key>ORGANIZATIONNAME</key>
				<string>mihata</string>
				<key>TargetAttributes</key>
				<dict>
					<key>0C337AC61853AC670097C898</key>
					<dict>
						<key>TestTargetID</key>
						<string>0C337AAB1853AC670097C898</string>
					</dict>
				</dict>
			</dict>
			<key>buildConfigurationList</key>
			<string>0C337AA71853AC670097C898</string>
			<key>compatibilityVersion</key>
			<string>Xcode 3.2</string>
			<key>developmentRegion</key>
			<string>English</string>
			<key>hasScannedForEncodings</key>
			<string>0</string>
			<key>isa</key>
			<string>PBXProject</string>
			<key>knownRegions</key>
			<array>
				<string>en</string>
			</array>
			<key>mainGroup</key>
			<string>0C337AA31853AC670097C898</string>
			<key>productRefGroup</key>
			<string>0C337AAD1853AC670097C898</string>
			<key>projectDirPath</key>
			<string></string>
			<key>projectReferences</key>
			<array/>
			<key>projectRoot</key>
			<string></string>
			<key>targets</key>
			<array>
				<string>0C337AAB1853AC670097C898</string>
				<string>0C337AC61853AC670097C898</string>
			</array>
		</dict>
		<key>0C337AA71853AC670097C898</key>
		<dict>
			<key>buildConfigurations</key>
			<array>
				<string>0C337AD61853AC680097C898</string>
				<string>0C337AD71853AC680097C898</string>
			</array>
			<key>defaultConfigurationIsVisible</key>
			<string>0</string>
			<key>defaultConfigurationName</key>
			<string>Release</string>
			<key>isa</key>
			<string>XCConfigurationList</string>
		</dict>
		<key>0C337AA81853AC670097C898</key>
		<dict>
			<key>buildActionMask</key>
			<string>2147483647</string>
			<key>files</key>
			<array>
				<string>0C337AE21853B9540097C898</string>
				<string>0C337AE81853D2CB0097C898</string>
				<string>0C337ABC1853AC670097C898</string>
				<string>0C337AF01853D85A0097C898</string>
				<string>0C337AC01853AC670097C898</string>
				<string>0C337AEC1853D36A0097C898</string>
			</array>
			<key>isa</key>
			<string>PBXSourcesBuildPhase</string>
			<key>runOnlyForDeploymentPostprocessing</key>
			<string>0</string>
		</dict>
		<key>0C337AA91853AC670097C898</key>
		<dict>
			<key>buildActionMask</key>
			<string>2147483647</string>
			<key>files</key>
			<array>
				<string>0C337AB21853AC670097C898</string>
				<string>0C337AB41853AC670097C898</string>
				<string>0C337AB01853AC670097C898</string>
				<string>6476FD8353F14871A4213BC8</string>
			</array>
			<key>isa</key>
			<string>PBXFrameworksBuildPhase</string>
			<key>runOnlyForDeploymentPostprocessing</key>
			<string>0</string>
		</dict>
		<key>0C337AAA1853AC670097C898</key>
		<dict>
			<key>buildActionMask</key>
			<string>2147483647</string>
			<key>files</key>
			<array>
				<string>0C337ADF1853B16F0097C898</string>
				<string>0C337ABA1853AC670097C898</string>
				<string>0C337AC21853AC670097C898</string>
			</array>
			<key>isa</key>
			<string>PBXResourcesBuildPhase</string>
			<key>runOnlyForDeploymentPostprocessing</key>
			<string>0</string>
		</dict>
		<key>0C337AAB1853AC670097C898</key>
		<dict>
			<key>buildConfigurationList</key>
			<string>0C337AD81853AC680097C898</string>
			<key>buildPhases</key>
			<array>
				<string>FA1D6F6C93294AB2BF29ED1E</string>
				<string>0C337AA81853AC670097C898</string>
				<string>0C337AA91853AC670097C898</string>
				<string>0C337AAA1853AC670097C898</string>
				<string>A2865B05BA7440F8910AA8A6</string>
			</array>
			<key>buildRules</key>
			<array/>
			<key>dependencies</key>
			<array/>
			<key>isa</key>
			<string>PBXNativeTarget</string>
			<key>name</key>
			<string>GooglePlacesSearch</string>
			<key>productName</key>
			<string>GooglePlacesSearch</string>
			<key>productReference</key>
			<string>0C337AAC1853AC670097C898</string>
			<key>productType</key>
			<string>com.apple.product-type.application</string>
		</dict>
		<key>0C337AAC1853AC670097C898</key>
		<dict>
			<key>explicitFileType</key>
			<string>wrapper.application</string>
			<key>includeInIndex</key>
			<string>0</string>
			<key>isa</key>
			<string>PBXFileReference</string>
			<key>path</key>
			<string>GooglePlacesSearch.app</string>
			<key>sourceTree</key>
			<string>BUILT_PRODUCTS_DIR</string>
		</dict>
		<key>0C337AAD1853AC670097C898</key>
		<dict>
			<key>children</key>
			<array>
				<string>0C337AAC1853AC670097C898</string>
				<string>0C337AC71853AC670097C898</string>
			</array>
			<key>isa</key>
			<string>PBXGroup</string>
			<key>name</key>
			<string>Products</string>
			<key>sourceTree</key>
			<string>&lt;group&gt;</string>
		</dict>
		<key>0C337AAE1853AC670097C898</key>
		<dict>
			<key>children</key>
			<array>
				<string>0C337AAF1853AC670097C898</string>
				<string>0C337AB11853AC670097C898</string>
				<string>0C337AB31853AC670097C898</string>
				<string>0C337AC81853AC670097C898</string>
				<string>505A0BD9B5C2426DA9786437</string>
			</array>
			<key>isa</key>
			<string>PBXGroup</string>
			<key>name</key>
			<string>Frameworks</string>
			<key>sourceTree</key>
			<string>&lt;group&gt;</string>
		</dict>
		<key>0C337AAF1853AC670097C898</key>
		<dict>
			<key>isa</key>
			<string>PBXFileReference</string>
			<key>lastKnownFileType</key>
			<string>wrapper.framework</string>
			<key>name</key>
			<string>Foundation.framework</string>
			<key>path</key>
			<string>System/Library/Frameworks/Foundation.framework</string>
			<key>sourceTree</key>
			<string>SDKROOT</string>
		</dict>
		<key>0C337AB01853AC670097C898</key>
		<dict>
			<key>fileRef</key>
			<string>0C337AAF1853AC670097C898</string>
			<key>isa</key>
			<string>PBXBuildFile</string>
		</dict>
		<key>0C337AB11853AC670097C898</key>
		<dict>
			<key>isa</key>
			<string>PBXFileReference</string>
			<key>lastKnownFileType</key>
			<string>wrapper.framework</string>
			<key>name</key>
			<string>CoreGraphics.framework</string>
			<key>path</key>
			<string>System/Library/Frameworks/CoreGraphics.framework</string>
			<key>sourceTree</key>
			<string>SDKROOT</string>
		</dict>
		<key>0C337AB21853AC670097C898</key>
		<dict>
			<key>fileRef</key>
			<string>0C337AB11853AC670097C898</string>
			<key>isa</key>
			<string>PBXBuildFile</string>
		</dict>
		<key>0C337AB31853AC670097C898</key>
		<dict>
			<key>isa</key>
			<string>PBXFileReference</string>
			<key>lastKnownFileType</key>
			<string>wrapper.framework</string>
			<key>name</key>
			<string>UIKit.framework</string>
			<key>path</key>
			<string>System/Library/Frameworks/UIKit.framework</string>
			<key>sourceTree</key>
			<string>SDKROOT</string>
		</dict>
		<key>0C337AB41853AC670097C898</key>
		<dict>
			<key>fileRef</key>
			<string>0C337AB31853AC670097C898</string>
			<key>isa</key>
			<string>PBXBuildFile</string>
		</dict>
		<key>0C337AB51853AC670097C898</key>
		<dict>
			<key>children</key>
			<array>
				<string>0C337ADE1853B16F0097C898</string>
				<string>0C337AED1853D8460097C898</string>
				<string>0C337AE91853D34B0097C898</string>
				<string>0C337AB61853AC670097C898</string>
				<string>0C337ABE1853AC670097C898</string>
				<string>0C337ABF1853AC670097C898</string>
				<string>0C337AC11853AC670097C898</string>
				<string>0C337AE01853B9540097C898</string>
				<string>0C337AE11853B9540097C898</string>
				<string>0C337AE61853D2CB0097C898</string>
				<string>0C337AE71853D2CB0097C898</string>
			</array>
			<key>isa</key>
			<string>PBXGroup</string>
			<key>path</key>
			<string>GooglePlacesSearch</string>
			<key>sourceTree</key>
			<string>&lt;group&gt;</string>
		</dict>
		<key>0C337AB61853AC670097C898</key>
		<dict>
			<key>children</key>
			<array>
				<string>0C337AB71853AC670097C898</string>
				<string>0C337AB81853AC670097C898</string>
				<string>0C337ABB1853AC670097C898</string>
				<string>0C337ABD1853AC670097C898</string>
			</array>
			<key>isa</key>
			<string>PBXGroup</string>
			<key>name</key>
			<string>Supporting Files</string>
			<key>sourceTree</key>
			<string>&lt;group&gt;</string>
		</dict>
		<key>0C337AB71853AC670097C898</key>
		<dict>
			<key>isa</key>
			<string>PBXFileReference</string>
			<key>lastKnownFileType</key>
			<string>text.plist.xml</string>
			<key>path</key>
			<string>GooglePlacesSearch-Info.plist</string>
			<key>sourceTree</key>
			<string>&lt;group&gt;</string>
		</dict>
		<key>0C337AB81853AC670097C898</key>
		<dict>
			<key>children</key>
			<array>
				<string>0C337AB91853AC670097C898</string>
			</array>
			<key>isa</key>
			<string>PBXVariantGroup</string>
			<key>name</key>
			<string>InfoPlist.strings</string>
			<key>sourceTree</key>
			<string>&lt;group&gt;</string>
		</dict>
		<key>0C337AB91853AC670097C898</key>
		<dict>
			<key>isa</key>
			<string>PBXFileReference</string>
			<key>lastKnownFileType</key>
			<string>text.plist.strings</string>
			<key>name</key>
			<string>en</string>
			<key>path</key>
			<string>en.lproj/InfoPlist.strings</string>
			<key>sourceTree</key>
			<string>&lt;group&gt;</string>
		</dict>
		<key>0C337ABA1853AC670097C898</key>
		<dict>
			<key>fileRef</key>
			<string>0C337AB81853AC670097C898</string>
			<key>isa</key>
			<string>PBXBuildFile</string>
		</dict>
		<key>0C337ABB1853AC670097C898</key>
		<dict>
			<key>isa</key>
			<string>PBXFileReference</string>
			<key>lastKnownFileType</key>
			<string>sourcecode.c.objc</string>
			<key>path</key>
			<string>main.m</string>
			<key>sourceTree</key>
			<string>&lt;group&gt;</string>
		</dict>
		<key>0C337ABC1853AC670097C898</key>
		<dict>
			<key>fileRef</key>
			<string>0C337ABB1853AC670097C898</string>
			<key>isa</key>
			<string>PBXBuildFile</string>
		</dict>
		<key>0C337ABD1853AC670097C898</key>
		<dict>
			<key>isa</key>
			<string>PBXFileReference</string>
			<key>lastKnownFileType</key>
			<string>sourcecode.c.h</string>
			<key>path</key>
			<string>GooglePlacesSearch-Prefix.pch</string>
			<key>sourceTree</key>
			<string>&lt;group&gt;</string>
		</dict>
		<key>0C337ABE1853AC670097C898</key>
		<dict>
			<key>isa</key>
			<string>PBXFileReference</string>
			<key>lastKnownFileType</key>
			<string>sourcecode.c.h</string>
			<key>path</key>
			<string>GPSAppDelegate.h</string>
			<key>sourceTree</key>
			<string>&lt;group&gt;</string>
		</dict>
		<key>0C337ABF1853AC670097C898</key>
		<dict>
			<key>isa</key>
			<string>PBXFileReference</string>
			<key>lastKnownFileType</key>
			<string>sourcecode.c.objc</string>
			<key>path</key>
			<string>GPSAppDelegate.m</string>
			<key>sourceTree</key>
			<string>&lt;group&gt;</string>
		</dict>
		<key>0C337AC01853AC670097C898</key>
		<dict>
			<key>fileRef</key>
			<string>0C337ABF1853AC670097C898</string>
			<key>isa</key>
			<string>PBXBuildFile</string>
		</dict>
		<key>0C337AC11853AC670097C898</key>
		<dict>
			<key>isa</key>
			<string>PBXFileReference</string>
			<key>lastKnownFileType</key>
			<string>folder.assetcatalog</string>
			<key>path</key>
			<string>Images.xcassets</string>
			<key>sourceTree</key>
			<string>&lt;group&gt;</string>
		</dict>
		<key>0C337AC21853AC670097C898</key>
		<dict>
			<key>fileRef</key>
			<string>0C337AC11853AC670097C898</string>
			<key>isa</key>
			<string>PBXBuildFile</string>
		</dict>
		<key>0C337AC31853AC670097C898</key>
		<dict>
			<key>buildActionMask</key>
			<string>2147483647</string>
			<key>files</key>
			<array>
				<string>0C337AD51853AC670097C898</string>
			</array>
			<key>isa</key>
			<string>PBXSourcesBuildPhase</string>
			<key>runOnlyForDeploymentPostprocessing</key>
			<string>0</string>
		</dict>
		<key>0C337AC41853AC670097C898</key>
		<dict>
			<key>buildActionMask</key>
			<string>2147483647</string>
			<key>files</key>
			<array>
				<string>0C337AC91853AC670097C898</string>
				<string>0C337ACB1853AC670097C898</string>
				<string>0C337ACA1853AC670097C898</string>
			</array>
			<key>isa</key>
			<string>PBXFrameworksBuildPhase</string>
			<key>runOnlyForDeploymentPostprocessing</key>
			<string>0</string>
		</dict>
		<key>0C337AC51853AC670097C898</key>
		<dict>
			<key>buildActionMask</key>
			<string>2147483647</string>
			<key>files</key>
			<array>
				<string>0C337AD31853AC670097C898</string>
			</array>
			<key>isa</key>
			<string>PBXResourcesBuildPhase</string>
			<key>runOnlyForDeploymentPostprocessing</key>
			<string>0</string>
		</dict>
		<key>0C337AC61853AC670097C898</key>
		<dict>
			<key>buildConfigurationList</key>
			<string>0C337ADB1853AC680097C898</string>
			<key>buildPhases</key>
			<array>
				<string>0C337AC31853AC670097C898</string>
				<string>0C337AC41853AC670097C898</string>
				<string>0C337AC51853AC670097C898</string>
			</array>
			<key>buildRules</key>
			<array/>
			<key>dependencies</key>
			<array>
				<string>0C337ACD1853AC670097C898</string>
			</array>
			<key>isa</key>
			<string>PBXNativeTarget</string>
			<key>name</key>
			<string>GooglePlacesSearchTests</string>
			<key>productName</key>
			<string>GooglePlacesSearchTests</string>
			<key>productReference</key>
			<string>0C337AC71853AC670097C898</string>
			<key>productType</key>
			<string>com.apple.product-type.bundle.unit-test</string>
		</dict>
		<key>0C337AC71853AC670097C898</key>
		<dict>
			<key>explicitFileType</key>
			<string>wrapper.cfbundle</string>
			<key>includeInIndex</key>
			<string>0</string>
			<key>isa</key>
			<string>PBXFileReference</string>
			<key>path</key>
			<string>GooglePlacesSearchTests.xctest</string>
			<key>sourceTree</key>
			<string>BUILT_PRODUCTS_DIR</string>
		</dict>
		<key>0C337AC81853AC670097C898</key>
		<dict>
			<key>isa</key>
			<string>PBXFileReference</string>
			<key>lastKnownFileType</key>
			<string>wrapper.framework</string>
			<key>name</key>
			<string>XCTest.framework</string>
			<key>path</key>
			<string>Library/Frameworks/XCTest.framework</string>
			<key>sourceTree</key>
			<string>DEVELOPER_DIR</string>
		</dict>
		<key>0C337AC91853AC670097C898</key>
		<dict>
			<key>fileRef</key>
			<string>0C337AC81853AC670097C898</string>
			<key>isa</key>
			<string>PBXBuildFile</string>
		</dict>
		<key>0C337ACA1853AC670097C898</key>
		<dict>
			<key>fileRef</key>
			<string>0C337AAF1853AC670097C898</string>
			<key>isa</key>
			<string>PBXBuildFile</string>
		</dict>
		<key>0C337ACB1853AC670097C898</key>
		<dict>
			<key>fileRef</key>
			<string>0C337AB31853AC670097C898</string>
			<key>isa</key>
			<string>PBXBuildFile</string>
		</dict>
		<key>0C337ACC1853AC670097C898</key>
		<dict>
			<key>containerPortal</key>
			<string>0C337AA41853AC670097C898</string>
			<key>isa</key>
			<string>PBXContainerItemProxy</string>
			<key>proxyType</key>
			<string>1</string>
			<key>remoteGlobalIDString</key>
			<string>0C337AAB1853AC670097C898</string>
			<key>remoteInfo</key>
			<string>GooglePlacesSearch</string>
		</dict>
		<key>0C337ACD1853AC670097C898</key>
		<dict>
			<key>isa</key>
			<string>PBXTargetDependency</string>
			<key>target</key>
			<string>0C337AAB1853AC670097C898</string>
			<key>targetProxy</key>
			<string>0C337ACC1853AC670097C898</string>
		</dict>
		<key>0C337ACE1853AC670097C898</key>
		<dict>
			<key>children</key>
			<array>
				<string>0C337AD41853AC670097C898</string>
				<string>0C337ACF1853AC670097C898</string>
			</array>
			<key>isa</key>
			<string>PBXGroup</string>
			<key>path</key>
			<string>GooglePlacesSearchTests</string>
			<key>sourceTree</key>
			<string>&lt;group&gt;</string>
		</dict>
		<key>0C337ACF1853AC670097C898</key>
		<dict>
			<key>children</key>
			<array>
				<string>0C337AD01853AC670097C898</string>
				<string>0C337AD11853AC670097C898</string>
			</array>
			<key>isa</key>
			<string>PBXGroup</string>
			<key>name</key>
			<string>Supporting Files</string>
			<key>sourceTree</key>
			<string>&lt;group&gt;</string>
		</dict>
		<key>0C337AD01853AC670097C898</key>
		<dict>
			<key>isa</key>
			<string>PBXFileReference</string>
			<key>lastKnownFileType</key>
			<string>text.plist.xml</string>
			<key>path</key>
			<string>GooglePlacesSearchTests-Info.plist</string>
			<key>sourceTree</key>
			<string>&lt;group&gt;</string>
		</dict>
		<key>0C337AD11853AC670097C898</key>
		<dict>
			<key>children</key>
			<array>
				<string>0C337AD21853AC670097C898</string>
			</array>
			<key>isa</key>
			<string>PBXVariantGroup</string>
			<key>name</key>
			<string>InfoPlist.strings</string>
			<key>sourceTree</key>
			<string>&lt;group&gt;</string>
		</dict>
		<key>0C337AD21853AC670097C898</key>
		<dict>
			<key>isa</key>
			<string>PBXFileReference</string>
			<key>lastKnownFileType</key>
			<string>text.plist.strings</string>
			<key>name</key>
			<string>en</string>
			<key>path</key>
			<string>en.lproj/InfoPlist.strings</string>
			<key>sourceTree</key>
			<string>&lt;group&gt;</string>
		</dict>
		<key>0C337AD31853AC670097C898</key>
		<dict>
			<key>fileRef</key>
			<string>0C337AD11853AC670097C898</string>
			<key>isa</key>
			<string>PBXBuildFile</string>
		</dict>
		<key>0C337AD41853AC670097C898</key>
		<dict>
			<key>isa</key>
			<string>PBXFileReference</string>
			<key>lastKnownFileType</key>
			<string>sourcecode.c.objc</string>
			<key>path</key>
			<string>GooglePlacesSearchTests.m</string>
			<key>sourceTree</key>
			<string>&lt;group&gt;</string>
		</dict>
		<key>0C337AD51853AC670097C898</key>
		<dict>
			<key>fileRef</key>
			<string>0C337AD41853AC670097C898</string>
			<key>isa</key>
			<string>PBXBuildFile</string>
		</dict>
		<key>0C337AD61853AC680097C898</key>
		<dict>
			<key>buildSettings</key>
			<dict>
				<key>ALWAYS_SEARCH_USER_PATHS</key>
				<string>NO</string>
				<key>ARCHS</key>
				<string>$(ARCHS_STANDARD_INCLUDING_64_BIT)</string>
				<key>CLANG_CXX_LANGUAGE_STANDARD</key>
				<string>gnu++0x</string>
				<key>CLANG_CXX_LIBRARY</key>
				<string>libc++</string>
				<key>CLANG_ENABLE_MODULES</key>
				<string>YES</string>
				<key>CLANG_ENABLE_OBJC_ARC</key>
				<string>YES</string>
				<key>CLANG_WARN_BOOL_CONVERSION</key>
				<string>YES</string>
				<key>CLANG_WARN_CONSTANT_CONVERSION</key>
				<string>YES</string>
				<key>CLANG_WARN_DIRECT_OBJC_ISA_USAGE</key>
				<string>YES_ERROR</string>
				<key>CLANG_WARN_EMPTY_BODY</key>
				<string>YES</string>
				<key>CLANG_WARN_ENUM_CONVERSION</key>
				<string>YES</string>
				<key>CLANG_WARN_INT_CONVERSION</key>
				<string>YES</string>
				<key>CLANG_WARN_OBJC_ROOT_CLASS</key>
				<string>YES_ERROR</string>
				<key>CLANG_WARN__DUPLICATE_METHOD_MATCH</key>
				<string>YES</string>
				<key>CODE_SIGN_IDENTITY[sdk=iphoneos*]</key>
				<string>iPhone Developer</string>
				<key>COPY_PHASE_STRIP</key>
				<string>NO</string>
				<key>GCC_C_LANGUAGE_STANDARD</key>
				<string>gnu99</string>
				<key>GCC_DYNAMIC_NO_PIC</key>
				<string>NO</string>
				<key>GCC_OPTIMIZATION_LEVEL</key>
				<string>0</string>
				<key>GCC_PREPROCESSOR_DEFINITIONS</key>
				<array>
					<string>DEBUG=1</string>
					<string>$(inherited)</string>
				</array>
				<key>GCC_SYMBOLS_PRIVATE_EXTERN</key>
				<string>NO</string>
				<key>GCC_WARN_64_TO_32_BIT_CONVERSION</key>
				<string>YES</string>
				<key>GCC_WARN_ABOUT_RETURN_TYPE</key>
				<string>YES_ERROR</string>
				<key>GCC_WARN_UNDECLARED_SELECTOR</key>
				<string>YES</string>
				<key>GCC_WARN_UNINITIALIZED_AUTOS</key>
				<string>YES</string>
				<key>GCC_WARN_UNUSED_FUNCTION</key>
				<string>YES</string>
				<key>GCC_WARN_UNUSED_VARIABLE</key>
				<string>YES</string>
				<key>IPHONEOS_DEPLOYMENT_TARGET</key>
				<string>7.0</string>
				<key>ONLY_ACTIVE_ARCH</key>
				<string>YES</string>
				<key>SDKROOT</key>
				<string>iphoneos</string>
			</dict>
			<key>isa</key>
			<string>XCBuildConfiguration</string>
			<key>name</key>
			<string>Debug</string>
		</dict>
		<key>0C337AD71853AC680097C898</key>
		<dict>
			<key>buildSettings</key>
			<dict>
				<key>ALWAYS_SEARCH_USER_PATHS</key>
				<string>NO</string>
				<key>ARCHS</key>
				<string>$(ARCHS_STANDARD_INCLUDING_64_BIT)</string>
				<key>CLANG_CXX_LANGUAGE_STANDARD</key>
				<string>gnu++0x</string>
				<key>CLANG_CXX_LIBRARY</key>
				<string>libc++</string>
				<key>CLANG_ENABLE_MODULES</key>
				<string>YES</string>
				<key>CLANG_ENABLE_OBJC_ARC</key>
				<string>YES</string>
				<key>CLANG_WARN_BOOL_CONVERSION</key>
				<string>YES</string>
				<key>CLANG_WARN_CONSTANT_CONVERSION</key>
				<string>YES</string>
				<key>CLANG_WARN_DIRECT_OBJC_ISA_USAGE</key>
				<string>YES_ERROR</string>
				<key>CLANG_WARN_EMPTY_BODY</key>
				<string>YES</string>
				<key>CLANG_WARN_ENUM_CONVERSION</key>
				<string>YES</string>
				<key>CLANG_WARN_INT_CONVERSION</key>
				<string>YES</string>
				<key>CLANG_WARN_OBJC_ROOT_CLASS</key>
				<string>YES_ERROR</string>
				<key>CLANG_WARN__DUPLICATE_METHOD_MATCH</key>
				<string>YES</string>
				<key>CODE_SIGN_IDENTITY[sdk=iphoneos*]</key>
				<string>iPhone Developer</string>
				<key>COPY_PHASE_STRIP</key>
				<string>YES</string>
				<key>ENABLE_NS_ASSERTIONS</key>
				<string>NO</string>
				<key>GCC_C_LANGUAGE_STANDARD</key>
				<string>gnu99</string>
				<key>GCC_WARN_64_TO_32_BIT_CONVERSION</key>
				<string>YES</string>
				<key>GCC_WARN_ABOUT_RETURN_TYPE</key>
				<string>YES_ERROR</string>
				<key>GCC_WARN_UNDECLARED_SELECTOR</key>
				<string>YES</string>
				<key>GCC_WARN_UNINITIALIZED_AUTOS</key>
				<string>YES</string>
				<key>GCC_WARN_UNUSED_FUNCTION</key>
				<string>YES</string>
				<key>GCC_WARN_UNUSED_VARIABLE</key>
				<string>YES</string>
				<key>IPHONEOS_DEPLOYMENT_TARGET</key>
				<string>7.0</string>
				<key>SDKROOT</key>
				<string>iphoneos</string>
				<key>VALIDATE_PRODUCT</key>
				<string>YES</string>
			</dict>
			<key>isa</key>
			<string>XCBuildConfiguration</string>
			<key>name</key>
			<string>Release</string>
		</dict>
		<key>0C337AD81853AC680097C898</key>
		<dict>
			<key>buildConfigurations</key>
			<array>
				<string>0C337AD91853AC680097C898</string>
				<string>0C337ADA1853AC680097C898</string>
			</array>
			<key>defaultConfigurationIsVisible</key>
			<string>0</string>
			<key>isa</key>
			<string>XCConfigurationList</string>
		</dict>
		<key>0C337AD91853AC680097C898</key>
		<dict>
			<key>baseConfigurationReference</key>
			<string>A226ADB56F734B9FBDF7F7A0</string>
			<key>buildSettings</key>
			<dict>
				<key>ASSETCATALOG_COMPILER_APPICON_NAME</key>
				<string>AppIcon</string>
				<key>ASSETCATALOG_COMPILER_LAUNCHIMAGE_NAME</key>
				<string>LaunchImage</string>
				<key>GCC_PRECOMPILE_PREFIX_HEADER</key>
				<string>YES</string>
				<key>GCC_PREFIX_HEADER</key>
				<string>GooglePlacesSearch/GooglePlacesSearch-Prefix.pch</string>
				<key>INFOPLIST_FILE</key>
				<string>GooglePlacesSearch/GooglePlacesSearch-Info.plist</string>
				<key>PRODUCT_NAME</key>
				<string>$(TARGET_NAME)</string>
				<key>WRAPPER_EXTENSION</key>
				<string>app</string>
			</dict>
			<key>isa</key>
			<string>XCBuildConfiguration</string>
			<key>name</key>
			<string>Debug</string>
		</dict>
		<key>0C337ADA1853AC680097C898</key>
		<dict>
			<key>baseConfigurationReference</key>
			<string>A226ADB56F734B9FBDF7F7A0</string>
			<key>buildSettings</key>
			<dict>
				<key>ASSETCATALOG_COMPILER_APPICON_NAME</key>
				<string>AppIcon</string>
				<key>ASSETCATALOG_COMPILER_LAUNCHIMAGE_NAME</key>
				<string>LaunchImage</string>
				<key>GCC_PRECOMPILE_PREFIX_HEADER</key>
				<string>YES</string>
				<key>GCC_PREFIX_HEADER</key>
				<string>GooglePlacesSearch/GooglePlacesSearch-Prefix.pch</string>
				<key>INFOPLIST_FILE</key>
				<string>GooglePlacesSearch/GooglePlacesSearch-Info.plist</string>
				<key>PRODUCT_NAME</key>
				<string>$(TARGET_NAME)</string>
				<key>WRAPPER_EXTENSION</key>
				<string>app</string>
			</dict>
			<key>isa</key>
			<string>XCBuildConfiguration</string>
			<key>name</key>
			<string>Release</string>
		</dict>
		<key>0C337ADB1853AC680097C898</key>
		<dict>
			<key>buildConfigurations</key>
			<array>
				<string>0C337ADC1853AC680097C898</string>
				<string>0C337ADD1853AC680097C898</string>
			</array>
			<key>defaultConfigurationIsVisible</key>
			<string>0</string>
			<key>isa</key>
			<string>XCConfigurationList</string>
		</dict>
		<key>0C337ADC1853AC680097C898</key>
		<dict>
			<key>buildSettings</key>
			<dict>
				<key>ARCHS</key>
				<string>$(ARCHS_STANDARD_INCLUDING_64_BIT)</string>
				<key>BUNDLE_LOADER</key>
				<string>$(BUILT_PRODUCTS_DIR)/GooglePlacesSearch.app/GooglePlacesSearch</string>
				<key>FRAMEWORK_SEARCH_PATHS</key>
				<array>
					<string>$(SDKROOT)/Developer/Library/Frameworks</string>
					<string>$(inherited)</string>
					<string>$(DEVELOPER_FRAMEWORKS_DIR)</string>
				</array>
				<key>GCC_PRECOMPILE_PREFIX_HEADER</key>
				<string>YES</string>
				<key>GCC_PREFIX_HEADER</key>
				<string>GooglePlacesSearch/GooglePlacesSearch-Prefix.pch</string>
				<key>GCC_PREPROCESSOR_DEFINITIONS</key>
				<array>
					<string>DEBUG=1</string>
					<string>$(inherited)</string>
				</array>
				<key>INFOPLIST_FILE</key>
				<string>GooglePlacesSearchTests/GooglePlacesSearchTests-Info.plist</string>
				<key>PRODUCT_NAME</key>
				<string>$(TARGET_NAME)</string>
				<key>TEST_HOST</key>
				<string>$(BUNDLE_LOADER)</string>
				<key>WRAPPER_EXTENSION</key>
				<string>xctest</string>
			</dict>
			<key>isa</key>
			<string>XCBuildConfiguration</string>
			<key>name</key>
			<string>Debug</string>
		</dict>
		<key>0C337ADD1853AC680097C898</key>
		<dict>
			<key>buildSettings</key>
			<dict>
				<key>ARCHS</key>
				<string>$(ARCHS_STANDARD_INCLUDING_64_BIT)</string>
				<key>BUNDLE_LOADER</key>
				<string>$(BUILT_PRODUCTS_DIR)/GooglePlacesSearch.app/GooglePlacesSearch</string>
				<key>FRAMEWORK_SEARCH_PATHS</key>
				<array>
					<string>$(SDKROOT)/Developer/Library/Frameworks</string>
					<string>$(inherited)</string>
					<string>$(DEVELOPER_FRAMEWORKS_DIR)</string>
				</array>
				<key>GCC_PRECOMPILE_PREFIX_HEADER</key>
				<string>YES</string>
				<key>GCC_PREFIX_HEADER</key>
				<string>GooglePlacesSearch/GooglePlacesSearch-Prefix.pch</string>
				<key>INFOPLIST_FILE</key>
				<string>GooglePlacesSearchTests/GooglePlacesSearchTests-Info.plist</string>
				<key>PRODUCT_NAME</key>
				<string>$(TARGET_NAME)</string>
				<key>TEST_HOST</key>
				<string>$(BUNDLE_LOADER)</string>
				<key>WRAPPER_EXTENSION</key>
				<string>xctest</string>
			</dict>
			<key>isa</key>
			<string>XCBuildConfiguration</string>
			<key>name</key>
			<string>Release</string>
		</dict>
		<key>0C337ADE1853B16F0097C898</key>
		<dict>
			<key>fileEncoding</key>
			<string>4</string>
			<key>isa</key>
			<string>PBXFileReference</string>
			<key>lastKnownFileType</key>
			<string>file.storyboard</string>
			<key>path</key>
			<string>Main.storyboard</string>
			<key>sourceTree</key>
			<string>&lt;group&gt;</string>
		</dict>
		<key>0C337ADF1853B16F0097C898</key>
		<dict>
			<key>fileRef</key>
			<string>0C337ADE1853B16F0097C898</string>
			<key>isa</key>
			<string>PBXBuildFile</string>
		</dict>
		<key>0C337AE01853B9540097C898</key>
		<dict>
			<key>fileEncoding</key>
			<string>4</string>
			<key>isa</key>
			<string>PBXFileReference</string>
			<key>lastKnownFileType</key>
			<string>sourcecode.c.h</string>
			<key>path</key>
			<string>GPSSearchViewController.h</string>
			<key>sourceTree</key>
			<string>&lt;group&gt;</string>
		</dict>
		<key>0C337AE11853B9540097C898</key>
		<dict>
			<key>fileEncoding</key>
			<string>4</string>
			<key>isa</key>
			<string>PBXFileReference</string>
			<key>lastKnownFileType</key>
			<string>sourcecode.c.objc</string>
			<key>path</key>
			<string>GPSSearchViewController.m</string>
			<key>sourceTree</key>
			<string>&lt;group&gt;</string>
		</dict>
		<key>0C337AE21853B9540097C898</key>
		<dict>
			<key>fileRef</key>
			<string>0C337AE11853B9540097C898</string>
			<key>isa</key>
			<string>PBXBuildFile</string>
		</dict>
		<key>0C337AE61853D2CB0097C898</key>
		<dict>
			<key>fileEncoding</key>
			<string>4</string>
			<key>isa</key>
			<string>PBXFileReference</string>
			<key>lastKnownFileType</key>
			<string>sourcecode.c.h</string>
			<key>name</key>
			<string>GPSResultsTableViewController.h</string>
			<key>path</key>
			<string>../GPSResultsTableViewController.h</string>
			<key>sourceTree</key>
			<string>&lt;group&gt;</string>
		</dict>
		<key>0C337AE71853D2CB0097C898</key>
		<dict>
			<key>fileEncoding</key>
			<string>4</string>
			<key>isa</key>
			<string>PBXFileReference</string>
			<key>lastKnownFileType</key>
			<string>sourcecode.c.objc</string>
			<key>name</key>
			<string>GPSResultsTableViewController.m</string>
			<key>path</key>
			<string>../GPSResultsTableViewController.m</string>
			<key>sourceTree</key>
			<string>&lt;group&gt;</string>
		</dict>
		<key>0C337AE81853D2CB0097C898</key>
		<dict>
			<key>fileRef</key>
			<string>0C337AE71853D2CB0097C898</string>
			<key>isa</key>
			<string>PBXBuildFile</string>
		</dict>
		<key>0C337AE91853D34B0097C898</key>
		<dict>
			<key>children</key>
			<array>
				<string>0C337AEA1853D36A0097C898</string>
				<string>0C337AEB1853D36A0097C898</string>
			</array>
			<key>isa</key>
			<string>PBXGroup</string>
			<key>name</key>
			<string>Cells</string>
			<key>sourceTree</key>
			<string>&lt;group&gt;</string>
		</dict>
		<key>0C337AEA1853D36A0097C898</key>
		<dict>
			<key>fileEncoding</key>
			<string>4</string>
			<key>isa</key>
			<string>PBXFileReference</string>
			<key>lastKnownFileType</key>
			<string>sourcecode.c.h</string>
			<key>path</key>
			<string>GPSResultsCell.h</string>
			<key>sourceTree</key>
			<string>&lt;group&gt;</string>
		</dict>
		<key>0C337AEB1853D36A0097C898</key>
		<dict>
			<key>fileEncoding</key>
			<string>4</string>
			<key>isa</key>
			<string>PBXFileReference</string>
			<key>lastKnownFileType</key>
			<string>sourcecode.c.objc</string>
			<key>path</key>
			<string>GPSResultsCell.m</string>
			<key>sourceTree</key>
			<string>&lt;group&gt;</string>
		</dict>
		<key>0C337AEC1853D36A0097C898</key>
		<dict>
			<key>fileRef</key>
			<string>0C337AEB1853D36A0097C898</string>
			<key>isa</key>
			<string>PBXBuildFile</string>
		</dict>
		<key>0C337AED1853D8460097C898</key>
		<dict>
			<key>children</key>
			<array>
				<string>0C337AEE1853D85A0097C898</string>
				<string>0C337AEF1853D85A0097C898</string>
			</array>
			<key>isa</key>
			<string>PBXGroup</string>
			<key>name</key>
			<string>Models</string>
			<key>sourceTree</key>
			<string>&lt;group&gt;</string>
		</dict>
		<key>0C337AEE1853D85A0097C898</key>
		<dict>
			<key>fileEncoding</key>
			<string>4</string>
			<key>isa</key>
			<string>PBXFileReference</string>
			<key>lastKnownFileType</key>
			<string>sourcecode.c.h</string>
			<key>path</key>
			<string>GPSResult.h</string>
			<key>sourceTree</key>
			<string>&lt;group&gt;</string>
		</dict>
		<key>0C337AEF1853D85A0097C898</key>
		<dict>
			<key>fileEncoding</key>
			<string>4</string>
			<key>isa</key>
			<string>PBXFileReference</string>
			<key>lastKnownFileType</key>
			<string>sourcecode.c.objc</string>
			<key>path</key>
			<string>GPSResult.m</string>
			<key>sourceTree</key>
			<string>&lt;group&gt;</string>
		</dict>
		<key>0C337AF01853D85A0097C898</key>
		<dict>
			<key>fileRef</key>
			<string>0C337AEF1853D85A0097C898</string>
			<key>isa</key>
			<string>PBXBuildFile</string>
		</dict>
		<key>505A0BD9B5C2426DA9786437</key>
		<dict>
			<key>explicitFileType</key>
			<string>archive.ar</string>
			<key>includeInIndex</key>
			<string>0</string>
			<key>isa</key>
			<string>PBXFileReference</string>
			<key>path</key>
			<string>libPods.a</string>
			<key>sourceTree</key>
			<string>BUILT_PRODUCTS_DIR</string>
		</dict>
		<key>6476FD8353F14871A4213BC8</key>
		<dict>
			<key>fileRef</key>
			<string>505A0BD9B5C2426DA9786437</string>
			<key>isa</key>
			<string>PBXBuildFile</string>
		</dict>
		<key>A226ADB56F734B9FBDF7F7A0</key>
		<dict>
			<key>includeInIndex</key>
			<string>1</string>
			<key>isa</key>
			<string>PBXFileReference</string>
			<key>lastKnownFileType</key>
			<string>text.xcconfig</string>
			<key>name</key>
			<string>Pods.xcconfig</string>
			<key>path</key>
			<string>Pods/Pods.xcconfig</string>
			<key>sourceTree</key>
			<string>&lt;group&gt;</string>
		</dict>
		<key>A2865B05BA7440F8910AA8A6</key>
		<dict>
			<key>buildActionMask</key>
			<string>2147483647</string>
			<key>files</key>
			<array/>
			<key>inputPaths</key>
			<array/>
			<key>isa</key>
			<string>PBXShellScriptBuildPhase</string>
			<key>name</key>
			<string>Copy Pods Resources</string>
			<key>outputPaths</key>
			<array/>
			<key>runOnlyForDeploymentPostprocessing</key>
			<string>0</string>
			<key>shellPath</key>
			<string>/bin/sh</string>
			<key>shellScript</key>
			<string>"${SRCROOT}/Pods/Pods-resources.sh"
</string>
			<key>showEnvVarsInLog</key>
			<string>0</string>
		</dict>
		<key>FA1D6F6C93294AB2BF29ED1E</key>
		<dict>
			<key>buildActionMask</key>
			<string>2147483647</string>
			<key>files</key>
			<array/>
			<key>inputPaths</key>
			<array/>
			<key>isa</key>
			<string>PBXShellScriptBuildPhase</string>
			<key>name</key>
			<string>Check Pods Manifest.lock</string>
			<key>outputPaths</key>
			<array/>
			<key>runOnlyForDeploymentPostprocessing</key>
			<string>0</string>
			<key>shellPath</key>
			<string>/bin/sh</string>
			<key>shellScript</key>
			<string>diff "${PODS_ROOT}/../Podfile.lock" "${PODS_ROOT}/Manifest.lock" &gt; /dev/null
if [[ $? != 0 ]] ; then
    cat &lt;&lt; EOM
error: The sandbox is not in sync with the Podfile.lock. Run 'pod install' or update your CocoaPods installation.
EOM
    exit 1
fi
</string>
			<key>showEnvVarsInLog</key>
			<string>0</string>
		</dict>
	</dict>
	<key>rootObject</key>
	<string>0C337AA41853AC670097C898</string>
</dict>
</plist>
